// !$*UTF8*$!
{
	archiveVersion = 1;
	classes = {
	};
	objectVersion = 50;
	objects = {

/* Begin PBXBuildFile section */
		7733E46925D944DC00E8DCE7 /* AppDelegate.swift in Sources */ = {isa = PBXBuildFile; fileRef = 7733E46825D944DC00E8DCE7 /* AppDelegate.swift */; };
		7733E46B25D944DC00E8DCE7 /* CentralViewController.swift in Sources */ = {isa = PBXBuildFile; fileRef = 7733E46A25D944DC00E8DCE7 /* CentralViewController.swift */; };
		7733E46D25D944DD00E8DCE7 /* Assets.xcassets in Resources */ = {isa = PBXBuildFile; fileRef = 7733E46C25D944DD00E8DCE7 /* Assets.xcassets */; };
		7733E47025D944DD00E8DCE7 /* Main.storyboard in Resources */ = {isa = PBXBuildFile; fileRef = 7733E46E25D944DD00E8DCE7 /* Main.storyboard */; };
		7733E47C25D944DE00E8DCE7 /* Central_MacTests.swift in Sources */ = {isa = PBXBuildFile; fileRef = 7733E47B25D944DE00E8DCE7 /* Central_MacTests.swift */; };
		7733E48725D944DE00E8DCE7 /* Central_MacUITests.swift in Sources */ = {isa = PBXBuildFile; fileRef = 7733E48625D944DE00E8DCE7 /* Central_MacUITests.swift */; };
		7733E49F25D944F800E8DCE7 /* AppDelegate.swift in Sources */ = {isa = PBXBuildFile; fileRef = 7733E49E25D944F800E8DCE7 /* AppDelegate.swift */; };
		7733E4A325D944F800E8DCE7 /* ViewController.swift in Sources */ = {isa = PBXBuildFile; fileRef = 7733E4A225D944F800E8DCE7 /* ViewController.swift */; };
		7733E4A625D944F800E8DCE7 /* Main.storyboard in Resources */ = {isa = PBXBuildFile; fileRef = 7733E4A425D944F800E8DCE7 /* Main.storyboard */; };
		7733E4A825D944F900E8DCE7 /* Assets.xcassets in Resources */ = {isa = PBXBuildFile; fileRef = 7733E4A725D944F900E8DCE7 /* Assets.xcassets */; };
		7733E4AB25D944F900E8DCE7 /* LaunchScreen.storyboard in Resources */ = {isa = PBXBuildFile; fileRef = 7733E4A925D944F900E8DCE7 /* LaunchScreen.storyboard */; };
		7733E4B625D944F900E8DCE7 /* Peripheral_IosTests.swift in Sources */ = {isa = PBXBuildFile; fileRef = 7733E4B525D944F900E8DCE7 /* Peripheral_IosTests.swift */; };
		7733E4C125D944F900E8DCE7 /* Peripheral_IosUITests.swift in Sources */ = {isa = PBXBuildFile; fileRef = 7733E4C025D944F900E8DCE7 /* Peripheral_IosUITests.swift */; };
		7733E4DB25D9451A00E8DCE7 /* PeripheralManager.swift in Sources */ = {isa = PBXBuildFile; fileRef = 7777C4A425D596EA005031FA /* PeripheralManager.swift */; };
		7733E4E225D9451B00E8DCE7 /* PeripheralManager.swift in Sources */ = {isa = PBXBuildFile; fileRef = 7777C4A425D596EA005031FA /* PeripheralManager.swift */; };
		7733E4E325D9451F00E8DCE7 /* CentralManager.swift in Sources */ = {isa = PBXBuildFile; fileRef = 7733E41F25D92DD600E8DCE7 /* CentralManager.swift */; };
		7733E4EA25D9452200E8DCE7 /* CentralManager.swift in Sources */ = {isa = PBXBuildFile; fileRef = 7733E41F25D92DD600E8DCE7 /* CentralManager.swift */; };
		7733E4EB25D9452400E8DCE7 /* TransferService.swift in Sources */ = {isa = PBXBuildFile; fileRef = 775F4F7F25D9260800903B9A /* TransferService.swift */; };
		7733E4F225D9452500E8DCE7 /* TransferService.swift in Sources */ = {isa = PBXBuildFile; fileRef = 775F4F7F25D9260800903B9A /* TransferService.swift */; };
/* End PBXBuildFile section */

/* Begin PBXContainerItemProxy section */
		7733E47825D944DE00E8DCE7 /* PBXContainerItemProxy */ = {
			isa = PBXContainerItemProxy;
			containerPortal = 7777C45725D59649005031FA /* Project object */;
			proxyType = 1;
			remoteGlobalIDString = 7733E46525D944DC00E8DCE7;
			remoteInfo = "Central-Mac";
		};
		7733E48325D944DE00E8DCE7 /* PBXContainerItemProxy */ = {
			isa = PBXContainerItemProxy;
			containerPortal = 7777C45725D59649005031FA /* Project object */;
			proxyType = 1;
			remoteGlobalIDString = 7733E46525D944DC00E8DCE7;
			remoteInfo = "Central-Mac";
		};
		7733E4B225D944F900E8DCE7 /* PBXContainerItemProxy */ = {
			isa = PBXContainerItemProxy;
			containerPortal = 7777C45725D59649005031FA /* Project object */;
			proxyType = 1;
			remoteGlobalIDString = 7733E49B25D944F800E8DCE7;
			remoteInfo = "Peripheral-Ios";
		};
		7733E4BD25D944F900E8DCE7 /* PBXContainerItemProxy */ = {
			isa = PBXContainerItemProxy;
			containerPortal = 7777C45725D59649005031FA /* Project object */;
			proxyType = 1;
			remoteGlobalIDString = 7733E49B25D944F800E8DCE7;
			remoteInfo = "Peripheral-Ios";
		};
/* End PBXContainerItemProxy section */

/* Begin PBXFileReference section */
		7733E41F25D92DD600E8DCE7 /* CentralManager.swift */ = {isa = PBXFileReference; lastKnownFileType = sourcecode.swift; path = CentralManager.swift; sourceTree = "<group>"; };
		7733E46625D944DC00E8DCE7 /* Central-Mac.app */ = {isa = PBXFileReference; explicitFileType = wrapper.application; includeInIndex = 0; path = "Central-Mac.app"; sourceTree = BUILT_PRODUCTS_DIR; };
		7733E46825D944DC00E8DCE7 /* AppDelegate.swift */ = {isa = PBXFileReference; lastKnownFileType = sourcecode.swift; path = AppDelegate.swift; sourceTree = "<group>"; };
		7733E46A25D944DC00E8DCE7 /* CentralViewController.swift */ = {isa = PBXFileReference; lastKnownFileType = sourcecode.swift; path = CentralViewController.swift; sourceTree = "<group>"; };
		7733E46C25D944DD00E8DCE7 /* Assets.xcassets */ = {isa = PBXFileReference; lastKnownFileType = folder.assetcatalog; path = Assets.xcassets; sourceTree = "<group>"; };
		7733E46F25D944DD00E8DCE7 /* Base */ = {isa = PBXFileReference; lastKnownFileType = file.storyboard; name = Base; path = Base.lproj/Main.storyboard; sourceTree = "<group>"; };
		7733E47125D944DD00E8DCE7 /* Info.plist */ = {isa = PBXFileReference; lastKnownFileType = text.plist.xml; path = Info.plist; sourceTree = "<group>"; };
		7733E47225D944DD00E8DCE7 /* Central_Mac.entitlements */ = {isa = PBXFileReference; lastKnownFileType = text.plist.entitlements; path = Central_Mac.entitlements; sourceTree = "<group>"; };
		7733E47725D944DD00E8DCE7 /* Central-MacTests.xctest */ = {isa = PBXFileReference; explicitFileType = wrapper.cfbundle; includeInIndex = 0; path = "Central-MacTests.xctest"; sourceTree = BUILT_PRODUCTS_DIR; };
		7733E47B25D944DE00E8DCE7 /* Central_MacTests.swift */ = {isa = PBXFileReference; lastKnownFileType = sourcecode.swift; path = Central_MacTests.swift; sourceTree = "<group>"; };
		7733E47D25D944DE00E8DCE7 /* Info.plist */ = {isa = PBXFileReference; lastKnownFileType = text.plist.xml; path = Info.plist; sourceTree = "<group>"; };
		7733E48225D944DE00E8DCE7 /* Central-MacUITests.xctest */ = {isa = PBXFileReference; explicitFileType = wrapper.cfbundle; includeInIndex = 0; path = "Central-MacUITests.xctest"; sourceTree = BUILT_PRODUCTS_DIR; };
		7733E48625D944DE00E8DCE7 /* Central_MacUITests.swift */ = {isa = PBXFileReference; lastKnownFileType = sourcecode.swift; path = Central_MacUITests.swift; sourceTree = "<group>"; };
		7733E48825D944DE00E8DCE7 /* Info.plist */ = {isa = PBXFileReference; lastKnownFileType = text.plist.xml; path = Info.plist; sourceTree = "<group>"; };
		7733E49C25D944F800E8DCE7 /* Peripheral-Ios.app */ = {isa = PBXFileReference; explicitFileType = wrapper.application; includeInIndex = 0; path = "Peripheral-Ios.app"; sourceTree = BUILT_PRODUCTS_DIR; };
		7733E49E25D944F800E8DCE7 /* AppDelegate.swift */ = {isa = PBXFileReference; lastKnownFileType = sourcecode.swift; path = AppDelegate.swift; sourceTree = "<group>"; };
		7733E4A225D944F800E8DCE7 /* ViewController.swift */ = {isa = PBXFileReference; lastKnownFileType = sourcecode.swift; path = ViewController.swift; sourceTree = "<group>"; };
		7733E4A525D944F800E8DCE7 /* Base */ = {isa = PBXFileReference; lastKnownFileType = file.storyboard; name = Base; path = Base.lproj/Main.storyboard; sourceTree = "<group>"; };
		7733E4A725D944F900E8DCE7 /* Assets.xcassets */ = {isa = PBXFileReference; lastKnownFileType = folder.assetcatalog; path = Assets.xcassets; sourceTree = "<group>"; };
		7733E4AA25D944F900E8DCE7 /* Base */ = {isa = PBXFileReference; lastKnownFileType = file.storyboard; name = Base; path = Base.lproj/LaunchScreen.storyboard; sourceTree = "<group>"; };
		7733E4AC25D944F900E8DCE7 /* Info.plist */ = {isa = PBXFileReference; lastKnownFileType = text.plist.xml; path = Info.plist; sourceTree = "<group>"; };
		7733E4B125D944F900E8DCE7 /* Peripheral-IosTests.xctest */ = {isa = PBXFileReference; explicitFileType = wrapper.cfbundle; includeInIndex = 0; path = "Peripheral-IosTests.xctest"; sourceTree = BUILT_PRODUCTS_DIR; };
		7733E4B525D944F900E8DCE7 /* Peripheral_IosTests.swift */ = {isa = PBXFileReference; lastKnownFileType = sourcecode.swift; path = Peripheral_IosTests.swift; sourceTree = "<group>"; };
		7733E4B725D944F900E8DCE7 /* Info.plist */ = {isa = PBXFileReference; lastKnownFileType = text.plist.xml; path = Info.plist; sourceTree = "<group>"; };
		7733E4BC25D944F900E8DCE7 /* Peripheral-IosUITests.xctest */ = {isa = PBXFileReference; explicitFileType = wrapper.cfbundle; includeInIndex = 0; path = "Peripheral-IosUITests.xctest"; sourceTree = BUILT_PRODUCTS_DIR; };
		7733E4C025D944F900E8DCE7 /* Peripheral_IosUITests.swift */ = {isa = PBXFileReference; lastKnownFileType = sourcecode.swift; path = Peripheral_IosUITests.swift; sourceTree = "<group>"; };
		7733E4C225D944F900E8DCE7 /* Info.plist */ = {isa = PBXFileReference; lastKnownFileType = text.plist.xml; path = Info.plist; sourceTree = "<group>"; };
		775F4F7F25D9260800903B9A /* TransferService.swift */ = {isa = PBXFileReference; lastKnownFileType = sourcecode.swift; path = TransferService.swift; sourceTree = "<group>"; };
		7777C4A425D596EA005031FA /* PeripheralManager.swift */ = {isa = PBXFileReference; lastKnownFileType = sourcecode.swift; path = PeripheralManager.swift; sourceTree = "<group>"; };
/* End PBXFileReference section */

/* Begin PBXFrameworksBuildPhase section */
		7733E46325D944DC00E8DCE7 /* Frameworks */ = {
			isa = PBXFrameworksBuildPhase;
			buildActionMask = 2147483647;
			files = (
			);
			runOnlyForDeploymentPostprocessing = 0;
		};
		7733E47425D944DD00E8DCE7 /* Frameworks */ = {
			isa = PBXFrameworksBuildPhase;
			buildActionMask = 2147483647;
			files = (
			);
			runOnlyForDeploymentPostprocessing = 0;
		};
		7733E47F25D944DE00E8DCE7 /* Frameworks */ = {
			isa = PBXFrameworksBuildPhase;
			buildActionMask = 2147483647;
			files = (
			);
			runOnlyForDeploymentPostprocessing = 0;
		};
		7733E49925D944F800E8DCE7 /* Frameworks */ = {
			isa = PBXFrameworksBuildPhase;
			buildActionMask = 2147483647;
			files = (
			);
			runOnlyForDeploymentPostprocessing = 0;
		};
		7733E4AE25D944F900E8DCE7 /* Frameworks */ = {
			isa = PBXFrameworksBuildPhase;
			buildActionMask = 2147483647;
			files = (
			);
			runOnlyForDeploymentPostprocessing = 0;
		};
		7733E4B925D944F900E8DCE7 /* Frameworks */ = {
			isa = PBXFrameworksBuildPhase;
			buildActionMask = 2147483647;
			files = (
			);
			runOnlyForDeploymentPostprocessing = 0;
		};
/* End PBXFrameworksBuildPhase section */

/* Begin PBXGroup section */
		7733E46725D944DC00E8DCE7 /* Central-Mac */ = {
			isa = PBXGroup;
			children = (
				7733E46825D944DC00E8DCE7 /* AppDelegate.swift */,
				7733E46A25D944DC00E8DCE7 /* CentralViewController.swift */,
				7733E46C25D944DD00E8DCE7 /* Assets.xcassets */,
				7733E46E25D944DD00E8DCE7 /* Main.storyboard */,
				7733E47125D944DD00E8DCE7 /* Info.plist */,
				7733E47225D944DD00E8DCE7 /* Central_Mac.entitlements */,
			);
			path = "Central-Mac";
			sourceTree = "<group>";
		};
		7733E47A25D944DE00E8DCE7 /* Central-MacTests */ = {
			isa = PBXGroup;
			children = (
				7733E47B25D944DE00E8DCE7 /* Central_MacTests.swift */,
				7733E47D25D944DE00E8DCE7 /* Info.plist */,
			);
			path = "Central-MacTests";
			sourceTree = "<group>";
		};
		7733E48525D944DE00E8DCE7 /* Central-MacUITests */ = {
			isa = PBXGroup;
			children = (
				7733E48625D944DE00E8DCE7 /* Central_MacUITests.swift */,
				7733E48825D944DE00E8DCE7 /* Info.plist */,
			);
			path = "Central-MacUITests";
			sourceTree = "<group>";
		};
		7733E49D25D944F800E8DCE7 /* Peripheral-Ios */ = {
			isa = PBXGroup;
			children = (
				7733E49E25D944F800E8DCE7 /* AppDelegate.swift */,
				7733E4A225D944F800E8DCE7 /* ViewController.swift */,
				7733E4A425D944F800E8DCE7 /* Main.storyboard */,
				7733E4A725D944F900E8DCE7 /* Assets.xcassets */,
				7733E4A925D944F900E8DCE7 /* LaunchScreen.storyboard */,
				7733E4AC25D944F900E8DCE7 /* Info.plist */,
			);
			path = "Peripheral-Ios";
			sourceTree = "<group>";
		};
		7733E4B425D944F900E8DCE7 /* Peripheral-IosTests */ = {
			isa = PBXGroup;
			children = (
				7733E4B525D944F900E8DCE7 /* Peripheral_IosTests.swift */,
				7733E4B725D944F900E8DCE7 /* Info.plist */,
			);
			path = "Peripheral-IosTests";
			sourceTree = "<group>";
		};
		7733E4BF25D944F900E8DCE7 /* Peripheral-IosUITests */ = {
			isa = PBXGroup;
			children = (
				7733E4C025D944F900E8DCE7 /* Peripheral_IosUITests.swift */,
				7733E4C225D944F900E8DCE7 /* Info.plist */,
			);
			path = "Peripheral-IosUITests";
			sourceTree = "<group>";
		};
		775F4F7E25D9258F00903B9A /* Shared */ = {
			isa = PBXGroup;
			children = (
				7777C4A025D596AD005031FA /* Bluetooth */,
			);
			path = Shared;
			sourceTree = "<group>";
		};
		7777C45625D59649005031FA = {
			isa = PBXGroup;
			children = (
				775F4F7E25D9258F00903B9A /* Shared */,
				7733E46725D944DC00E8DCE7 /* Central-Mac */,
				7733E47A25D944DE00E8DCE7 /* Central-MacTests */,
				7733E48525D944DE00E8DCE7 /* Central-MacUITests */,
				7733E49D25D944F800E8DCE7 /* Peripheral-Ios */,
				7733E4B425D944F900E8DCE7 /* Peripheral-IosTests */,
				7733E4BF25D944F900E8DCE7 /* Peripheral-IosUITests */,
				7777C46025D59649005031FA /* Products */,
			);
			sourceTree = "<group>";
		};
		7777C46025D59649005031FA /* Products */ = {
			isa = PBXGroup;
			children = (
				7733E46625D944DC00E8DCE7 /* Central-Mac.app */,
				7733E47725D944DD00E8DCE7 /* Central-MacTests.xctest */,
				7733E48225D944DE00E8DCE7 /* Central-MacUITests.xctest */,
				7733E49C25D944F800E8DCE7 /* Peripheral-Ios.app */,
				7733E4B125D944F900E8DCE7 /* Peripheral-IosTests.xctest */,
				7733E4BC25D944F900E8DCE7 /* Peripheral-IosUITests.xctest */,
			);
			name = Products;
			sourceTree = "<group>";
		};
		7777C4A025D596AD005031FA /* Bluetooth */ = {
			isa = PBXGroup;
			children = (
				7777C4A425D596EA005031FA /* PeripheralManager.swift */,
				7733E41F25D92DD600E8DCE7 /* CentralManager.swift */,
				775F4F7F25D9260800903B9A /* TransferService.swift */,
			);
			path = Bluetooth;
			sourceTree = "<group>";
		};
/* End PBXGroup section */

/* Begin PBXNativeTarget section */
		7733E46525D944DC00E8DCE7 /* Central-Mac */ = {
			isa = PBXNativeTarget;
			buildConfigurationList = 7733E48925D944DE00E8DCE7 /* Build configuration list for PBXNativeTarget "Central-Mac" */;
			buildPhases = (
				7733E46225D944DC00E8DCE7 /* Sources */,
				7733E46325D944DC00E8DCE7 /* Frameworks */,
				7733E46425D944DC00E8DCE7 /* Resources */,
			);
			buildRules = (
			);
			dependencies = (
			);
			name = "Central-Mac";
			packageProductDependencies = (
			);
			productName = "Central-Mac";
			productReference = 7733E46625D944DC00E8DCE7 /* Central-Mac.app */;
			productType = "com.apple.product-type.application";
		};
		7733E47625D944DD00E8DCE7 /* Central-MacTests */ = {
			isa = PBXNativeTarget;
			buildConfigurationList = 7733E48C25D944DE00E8DCE7 /* Build configuration list for PBXNativeTarget "Central-MacTests" */;
			buildPhases = (
				7733E47325D944DD00E8DCE7 /* Sources */,
				7733E47425D944DD00E8DCE7 /* Frameworks */,
				7733E47525D944DD00E8DCE7 /* Resources */,
			);
			buildRules = (
			);
			dependencies = (
				7733E47925D944DE00E8DCE7 /* PBXTargetDependency */,
			);
			name = "Central-MacTests";
			productName = "Central-MacTests";
			productReference = 7733E47725D944DD00E8DCE7 /* Central-MacTests.xctest */;
			productType = "com.apple.product-type.bundle.unit-test";
		};
		7733E48125D944DE00E8DCE7 /* Central-MacUITests */ = {
			isa = PBXNativeTarget;
			buildConfigurationList = 7733E48F25D944DE00E8DCE7 /* Build configuration list for PBXNativeTarget "Central-MacUITests" */;
			buildPhases = (
				7733E47E25D944DE00E8DCE7 /* Sources */,
				7733E47F25D944DE00E8DCE7 /* Frameworks */,
				7733E48025D944DE00E8DCE7 /* Resources */,
			);
			buildRules = (
			);
			dependencies = (
				7733E48425D944DE00E8DCE7 /* PBXTargetDependency */,
			);
			name = "Central-MacUITests";
			productName = "Central-MacUITests";
			productReference = 7733E48225D944DE00E8DCE7 /* Central-MacUITests.xctest */;
			productType = "com.apple.product-type.bundle.ui-testing";
		};
		7733E49B25D944F800E8DCE7 /* Peripheral-Ios */ = {
			isa = PBXNativeTarget;
			buildConfigurationList = 7733E4C325D944F900E8DCE7 /* Build configuration list for PBXNativeTarget "Peripheral-Ios" */;
			buildPhases = (
				7733E49825D944F800E8DCE7 /* Sources */,
				7733E49925D944F800E8DCE7 /* Frameworks */,
				7733E49A25D944F800E8DCE7 /* Resources */,
			);
			buildRules = (
			);
			dependencies = (
			);
			name = "Peripheral-Ios";
			productName = "Peripheral-Ios";
			productReference = 7733E49C25D944F800E8DCE7 /* Peripheral-Ios.app */;
			productType = "com.apple.product-type.application";
		};
		7733E4B025D944F900E8DCE7 /* Peripheral-IosTests */ = {
			isa = PBXNativeTarget;
			buildConfigurationList = 7733E4C625D944F900E8DCE7 /* Build configuration list for PBXNativeTarget "Peripheral-IosTests" */;
			buildPhases = (
				7733E4AD25D944F900E8DCE7 /* Sources */,
				7733E4AE25D944F900E8DCE7 /* Frameworks */,
				7733E4AF25D944F900E8DCE7 /* Resources */,
			);
			buildRules = (
			);
			dependencies = (
				7733E4B325D944F900E8DCE7 /* PBXTargetDependency */,
			);
			name = "Peripheral-IosTests";
			productName = "Peripheral-IosTests";
			productReference = 7733E4B125D944F900E8DCE7 /* Peripheral-IosTests.xctest */;
			productType = "com.apple.product-type.bundle.unit-test";
		};
		7733E4BB25D944F900E8DCE7 /* Peripheral-IosUITests */ = {
			isa = PBXNativeTarget;
			buildConfigurationList = 7733E4C925D944F900E8DCE7 /* Build configuration list for PBXNativeTarget "Peripheral-IosUITests" */;
			buildPhases = (
				7733E4B825D944F900E8DCE7 /* Sources */,
				7733E4B925D944F900E8DCE7 /* Frameworks */,
				7733E4BA25D944F900E8DCE7 /* Resources */,
			);
			buildRules = (
			);
			dependencies = (
				7733E4BE25D944F900E8DCE7 /* PBXTargetDependency */,
			);
			name = "Peripheral-IosUITests";
			productName = "Peripheral-IosUITests";
			productReference = 7733E4BC25D944F900E8DCE7 /* Peripheral-IosUITests.xctest */;
			productType = "com.apple.product-type.bundle.ui-testing";
		};
/* End PBXNativeTarget section */

/* Begin PBXProject section */
		7777C45725D59649005031FA /* Project object */ = {
			isa = PBXProject;
			attributes = {
				LastSwiftUpdateCheck = 1240;
				LastUpgradeCheck = 1240;
				TargetAttributes = {
					7733E46525D944DC00E8DCE7 = {
						CreatedOnToolsVersion = 12.4;
					};
					7733E47625D944DD00E8DCE7 = {
						CreatedOnToolsVersion = 12.4;
						TestTargetID = 7733E46525D944DC00E8DCE7;
					};
					7733E48125D944DE00E8DCE7 = {
						CreatedOnToolsVersion = 12.4;
						TestTargetID = 7733E46525D944DC00E8DCE7;
					};
					7733E49B25D944F800E8DCE7 = {
						CreatedOnToolsVersion = 12.4;
					};
					7733E4B025D944F900E8DCE7 = {
						CreatedOnToolsVersion = 12.4;
						TestTargetID = 7733E49B25D944F800E8DCE7;
					};
					7733E4BB25D944F900E8DCE7 = {
						CreatedOnToolsVersion = 12.4;
						TestTargetID = 7733E49B25D944F800E8DCE7;
					};
				};
			};
			buildConfigurationList = 7777C45A25D59649005031FA /* Build configuration list for PBXProject "CoreBluetoothPlayground" */;
			compatibilityVersion = "Xcode 9.3";
			developmentRegion = en;
			hasScannedForEncodings = 0;
			knownRegions = (
				en,
				Base,
			);
			mainGroup = 7777C45625D59649005031FA;
			packageReferences = (
			);
			productRefGroup = 7777C46025D59649005031FA /* Products */;
			projectDirPath = "";
			projectRoot = "";
			targets = (
				7733E46525D944DC00E8DCE7 /* Central-Mac */,
				7733E47625D944DD00E8DCE7 /* Central-MacTests */,
				7733E48125D944DE00E8DCE7 /* Central-MacUITests */,
				7733E49B25D944F800E8DCE7 /* Peripheral-Ios */,
				7733E4B025D944F900E8DCE7 /* Peripheral-IosTests */,
				7733E4BB25D944F900E8DCE7 /* Peripheral-IosUITests */,
			);
		};
/* End PBXProject section */

/* Begin PBXResourcesBuildPhase section */
		7733E46425D944DC00E8DCE7 /* Resources */ = {
			isa = PBXResourcesBuildPhase;
			buildActionMask = 2147483647;
			files = (
				7733E46D25D944DD00E8DCE7 /* Assets.xcassets in Resources */,
				7733E47025D944DD00E8DCE7 /* Main.storyboard in Resources */,
			);
			runOnlyForDeploymentPostprocessing = 0;
		};
		7733E47525D944DD00E8DCE7 /* Resources */ = {
			isa = PBXResourcesBuildPhase;
			buildActionMask = 2147483647;
			files = (
			);
			runOnlyForDeploymentPostprocessing = 0;
		};
		7733E48025D944DE00E8DCE7 /* Resources */ = {
			isa = PBXResourcesBuildPhase;
			buildActionMask = 2147483647;
			files = (
			);
			runOnlyForDeploymentPostprocessing = 0;
		};
		7733E49A25D944F800E8DCE7 /* Resources */ = {
			isa = PBXResourcesBuildPhase;
			buildActionMask = 2147483647;
			files = (
				7733E4AB25D944F900E8DCE7 /* LaunchScreen.storyboard in Resources */,
				7733E4A825D944F900E8DCE7 /* Assets.xcassets in Resources */,
				7733E4A625D944F800E8DCE7 /* Main.storyboard in Resources */,
			);
			runOnlyForDeploymentPostprocessing = 0;
		};
		7733E4AF25D944F900E8DCE7 /* Resources */ = {
			isa = PBXResourcesBuildPhase;
			buildActionMask = 2147483647;
			files = (
			);
			runOnlyForDeploymentPostprocessing = 0;
		};
		7733E4BA25D944F900E8DCE7 /* Resources */ = {
			isa = PBXResourcesBuildPhase;
			buildActionMask = 2147483647;
			files = (
			);
			runOnlyForDeploymentPostprocessing = 0;
		};
/* End PBXResourcesBuildPhase section */

/* Begin PBXSourcesBuildPhase section */
		7733E46225D944DC00E8DCE7 /* Sources */ = {
			isa = PBXSourcesBuildPhase;
			buildActionMask = 2147483647;
			files = (
				7733E4EB25D9452400E8DCE7 /* TransferService.swift in Sources */,
				7733E4DB25D9451A00E8DCE7 /* PeripheralManager.swift in Sources */,
				7733E46B25D944DC00E8DCE7 /* CentralViewController.swift in Sources */,
				7733E46925D944DC00E8DCE7 /* AppDelegate.swift in Sources */,
				7733E4E325D9451F00E8DCE7 /* CentralManager.swift in Sources */,
			);
			runOnlyForDeploymentPostprocessing = 0;
		};
		7733E47325D944DD00E8DCE7 /* Sources */ = {
			isa = PBXSourcesBuildPhase;
			buildActionMask = 2147483647;
			files = (
				7733E47C25D944DE00E8DCE7 /* Central_MacTests.swift in Sources */,
			);
			runOnlyForDeploymentPostprocessing = 0;
		};
		7733E47E25D944DE00E8DCE7 /* Sources */ = {
			isa = PBXSourcesBuildPhase;
			buildActionMask = 2147483647;
			files = (
				7733E48725D944DE00E8DCE7 /* Central_MacUITests.swift in Sources */,
			);
			runOnlyForDeploymentPostprocessing = 0;
		};
		7733E49825D944F800E8DCE7 /* Sources */ = {
			isa = PBXSourcesBuildPhase;
			buildActionMask = 2147483647;
			files = (
				7733E4F225D9452500E8DCE7 /* TransferService.swift in Sources */,
				7733E4A325D944F800E8DCE7 /* ViewController.swift in Sources */,
				7733E4E225D9451B00E8DCE7 /* PeripheralManager.swift in Sources */,
				7733E49F25D944F800E8DCE7 /* AppDelegate.swift in Sources */,
				7733E4EA25D9452200E8DCE7 /* CentralManager.swift in Sources */,
			);
			runOnlyForDeploymentPostprocessing = 0;
		};
		7733E4AD25D944F900E8DCE7 /* Sources */ = {
			isa = PBXSourcesBuildPhase;
			buildActionMask = 2147483647;
			files = (
				7733E4B625D944F900E8DCE7 /* Peripheral_IosTests.swift in Sources */,
			);
			runOnlyForDeploymentPostprocessing = 0;
		};
		7733E4B825D944F900E8DCE7 /* Sources */ = {
			isa = PBXSourcesBuildPhase;
			buildActionMask = 2147483647;
			files = (
				7733E4C125D944F900E8DCE7 /* Peripheral_IosUITests.swift in Sources */,
			);
			runOnlyForDeploymentPostprocessing = 0;
		};
/* End PBXSourcesBuildPhase section */

/* Begin PBXTargetDependency section */
		7733E47925D944DE00E8DCE7 /* PBXTargetDependency */ = {
			isa = PBXTargetDependency;
			target = 7733E46525D944DC00E8DCE7 /* Central-Mac */;
			targetProxy = 7733E47825D944DE00E8DCE7 /* PBXContainerItemProxy */;
		};
		7733E48425D944DE00E8DCE7 /* PBXTargetDependency */ = {
			isa = PBXTargetDependency;
			target = 7733E46525D944DC00E8DCE7 /* Central-Mac */;
			targetProxy = 7733E48325D944DE00E8DCE7 /* PBXContainerItemProxy */;
		};
		7733E4B325D944F900E8DCE7 /* PBXTargetDependency */ = {
			isa = PBXTargetDependency;
			target = 7733E49B25D944F800E8DCE7 /* Peripheral-Ios */;
			targetProxy = 7733E4B225D944F900E8DCE7 /* PBXContainerItemProxy */;
		};
		7733E4BE25D944F900E8DCE7 /* PBXTargetDependency */ = {
			isa = PBXTargetDependency;
			target = 7733E49B25D944F800E8DCE7 /* Peripheral-Ios */;
			targetProxy = 7733E4BD25D944F900E8DCE7 /* PBXContainerItemProxy */;
		};
/* End PBXTargetDependency section */

/* Begin PBXVariantGroup section */
		7733E46E25D944DD00E8DCE7 /* Main.storyboard */ = {
			isa = PBXVariantGroup;
			children = (
				7733E46F25D944DD00E8DCE7 /* Base */,
			);
			name = Main.storyboard;
			sourceTree = "<group>";
		};
		7733E4A425D944F800E8DCE7 /* Main.storyboard */ = {
			isa = PBXVariantGroup;
			children = (
				7733E4A525D944F800E8DCE7 /* Base */,
			);
			name = Main.storyboard;
			sourceTree = "<group>";
		};
		7733E4A925D944F900E8DCE7 /* LaunchScreen.storyboard */ = {
			isa = PBXVariantGroup;
			children = (
				7733E4AA25D944F900E8DCE7 /* Base */,
			);
			name = LaunchScreen.storyboard;
			sourceTree = "<group>";
		};
/* End PBXVariantGroup section */

/* Begin XCBuildConfiguration section */
		7733E48A25D944DE00E8DCE7 /* Debug */ = {
			isa = XCBuildConfiguration;
			buildSettings = {
				ASSETCATALOG_COMPILER_APPICON_NAME = AppIcon;
				ASSETCATALOG_COMPILER_GLOBAL_ACCENT_COLOR_NAME = AccentColor;
				CODE_SIGN_ENTITLEMENTS = "Central-Mac/Central_Mac.entitlements";
				CODE_SIGN_STYLE = Automatic;
				COMBINE_HIDPI_IMAGES = YES;
				DEVELOPMENT_TEAM = 29E66XW7ZX;
				ENABLE_HARDENED_RUNTIME = YES;
				INFOPLIST_FILE = "Central-Mac/Info.plist";
				LD_RUNPATH_SEARCH_PATHS = (
					"$(inherited)",
					"@executable_path/../Frameworks",
				);
				MACOSX_DEPLOYMENT_TARGET = 11.1;
				PRODUCT_BUNDLE_IDENTIFIER = "pro.maxgribov.Central-Mac";
				PRODUCT_NAME = "$(TARGET_NAME)";
				SDKROOT = macosx;
				SWIFT_VERSION = 5.0;
			};
			name = Debug;
		};
		7733E48B25D944DE00E8DCE7 /* Release */ = {
			isa = XCBuildConfiguration;
			buildSettings = {
				ASSETCATALOG_COMPILER_APPICON_NAME = AppIcon;
				ASSETCATALOG_COMPILER_GLOBAL_ACCENT_COLOR_NAME = AccentColor;
				CODE_SIGN_ENTITLEMENTS = "Central-Mac/Central_Mac.entitlements";
				CODE_SIGN_STYLE = Automatic;
				COMBINE_HIDPI_IMAGES = YES;
				DEVELOPMENT_TEAM = 29E66XW7ZX;
				ENABLE_HARDENED_RUNTIME = YES;
				INFOPLIST_FILE = "Central-Mac/Info.plist";
				LD_RUNPATH_SEARCH_PATHS = (
					"$(inherited)",
					"@executable_path/../Frameworks",
				);
				MACOSX_DEPLOYMENT_TARGET = 11.1;
				PRODUCT_BUNDLE_IDENTIFIER = "pro.maxgribov.Central-Mac";
				PRODUCT_NAME = "$(TARGET_NAME)";
				SDKROOT = macosx;
				SWIFT_VERSION = 5.0;
			};
			name = Release;
		};
		7733E48D25D944DE00E8DCE7 /* Debug */ = {
			isa = XCBuildConfiguration;
			buildSettings = {
				ALWAYS_EMBED_SWIFT_STANDARD_LIBRARIES = YES;
				BUNDLE_LOADER = "$(TEST_HOST)";
				CODE_SIGN_STYLE = Automatic;
				COMBINE_HIDPI_IMAGES = YES;
				DEVELOPMENT_TEAM = 29E66XW7ZX;
				INFOPLIST_FILE = "Central-MacTests/Info.plist";
				LD_RUNPATH_SEARCH_PATHS = (
					"$(inherited)",
					"@executable_path/../Frameworks",
					"@loader_path/../Frameworks",
				);
				MACOSX_DEPLOYMENT_TARGET = 11.1;
				PRODUCT_BUNDLE_IDENTIFIER = "pro.maxgribov.Central-MacTests";
				PRODUCT_NAME = "$(TARGET_NAME)";
				SDKROOT = macosx;
				SWIFT_VERSION = 5.0;
				TEST_HOST = "$(BUILT_PRODUCTS_DIR)/Central-Mac.app/Contents/MacOS/Central-Mac";
			};
			name = Debug;
		};
		7733E48E25D944DE00E8DCE7 /* Release */ = {
			isa = XCBuildConfiguration;
			buildSettings = {
				ALWAYS_EMBED_SWIFT_STANDARD_LIBRARIES = YES;
				BUNDLE_LOADER = "$(TEST_HOST)";
				CODE_SIGN_STYLE = Automatic;
				COMBINE_HIDPI_IMAGES = YES;
				DEVELOPMENT_TEAM = 29E66XW7ZX;
				INFOPLIST_FILE = "Central-MacTests/Info.plist";
				LD_RUNPATH_SEARCH_PATHS = (
					"$(inherited)",
					"@executable_path/../Frameworks",
					"@loader_path/../Frameworks",
				);
				MACOSX_DEPLOYMENT_TARGET = 11.1;
				PRODUCT_BUNDLE_IDENTIFIER = "pro.maxgribov.Central-MacTests";
				PRODUCT_NAME = "$(TARGET_NAME)";
				SDKROOT = macosx;
				SWIFT_VERSION = 5.0;
				TEST_HOST = "$(BUILT_PRODUCTS_DIR)/Central-Mac.app/Contents/MacOS/Central-Mac";
			};
			name = Release;
		};
		7733E49025D944DE00E8DCE7 /* Debug */ = {
			isa = XCBuildConfiguration;
			buildSettings = {
				ALWAYS_EMBED_SWIFT_STANDARD_LIBRARIES = YES;
				CODE_SIGN_STYLE = Automatic;
				COMBINE_HIDPI_IMAGES = YES;
				DEVELOPMENT_TEAM = 29E66XW7ZX;
				INFOPLIST_FILE = "Central-MacUITests/Info.plist";
				LD_RUNPATH_SEARCH_PATHS = (
					"$(inherited)",
					"@executable_path/../Frameworks",
					"@loader_path/../Frameworks",
				);
				MACOSX_DEPLOYMENT_TARGET = 11.1;
				PRODUCT_BUNDLE_IDENTIFIER = "pro.maxgribov.Central-MacUITests";
				PRODUCT_NAME = "$(TARGET_NAME)";
				SDKROOT = macosx;
				SWIFT_VERSION = 5.0;
				TEST_TARGET_NAME = "Central-Mac";
			};
			name = Debug;
		};
		7733E49125D944DE00E8DCE7 /* Release */ = {
			isa = XCBuildConfiguration;
			buildSettings = {
				ALWAYS_EMBED_SWIFT_STANDARD_LIBRARIES = YES;
				CODE_SIGN_STYLE = Automatic;
				COMBINE_HIDPI_IMAGES = YES;
				DEVELOPMENT_TEAM = 29E66XW7ZX;
				INFOPLIST_FILE = "Central-MacUITests/Info.plist";
				LD_RUNPATH_SEARCH_PATHS = (
					"$(inherited)",
					"@executable_path/../Frameworks",
					"@loader_path/../Frameworks",
				);
				MACOSX_DEPLOYMENT_TARGET = 11.1;
				PRODUCT_BUNDLE_IDENTIFIER = "pro.maxgribov.Central-MacUITests";
				PRODUCT_NAME = "$(TARGET_NAME)";
				SDKROOT = macosx;
				SWIFT_VERSION = 5.0;
				TEST_TARGET_NAME = "Central-Mac";
			};
			name = Release;
		};
		7733E4C425D944F900E8DCE7 /* Debug */ = {
			isa = XCBuildConfiguration;
			buildSettings = {
				ASSETCATALOG_COMPILER_APPICON_NAME = AppIcon;
				ASSETCATALOG_COMPILER_GLOBAL_ACCENT_COLOR_NAME = AccentColor;
				CODE_SIGN_STYLE = Automatic;
				DEVELOPMENT_TEAM = 29E66XW7ZX;
				INFOPLIST_FILE = "Peripheral-Ios/Info.plist";
				IPHONEOS_DEPLOYMENT_TARGET = 10.0;
				LD_RUNPATH_SEARCH_PATHS = (
					"$(inherited)",
					"@executable_path/Frameworks",
				);
				PRODUCT_BUNDLE_IDENTIFIER = "pro.maxgribov.Peripheral-Ios";
				PRODUCT_NAME = "$(TARGET_NAME)";
				SWIFT_VERSION = 5.0;
				TARGETED_DEVICE_FAMILY = "1,2";
			};
			name = Debug;
		};
		7733E4C525D944F900E8DCE7 /* Release */ = {
			isa = XCBuildConfiguration;
			buildSettings = {
				ASSETCATALOG_COMPILER_APPICON_NAME = AppIcon;
				ASSETCATALOG_COMPILER_GLOBAL_ACCENT_COLOR_NAME = AccentColor;
				CODE_SIGN_STYLE = Automatic;
				DEVELOPMENT_TEAM = 29E66XW7ZX;
				INFOPLIST_FILE = "Peripheral-Ios/Info.plist";
				IPHONEOS_DEPLOYMENT_TARGET = 10.0;
				LD_RUNPATH_SEARCH_PATHS = (
					"$(inherited)",
					"@executable_path/Frameworks",
				);
				PRODUCT_BUNDLE_IDENTIFIER = "pro.maxgribov.Peripheral-Ios";
				PRODUCT_NAME = "$(TARGET_NAME)";
				SWIFT_VERSION = 5.0;
				TARGETED_DEVICE_FAMILY = "1,2";
			};
			name = Release;
		};
		7733E4C725D944F900E8DCE7 /* Debug */ = {
			isa = XCBuildConfiguration;
			buildSettings = {
				ALWAYS_EMBED_SWIFT_STANDARD_LIBRARIES = YES;
				BUNDLE_LOADER = "$(TEST_HOST)";
				CODE_SIGN_STYLE = Automatic;
				DEVELOPMENT_TEAM = 29E66XW7ZX;
				INFOPLIST_FILE = "Peripheral-IosTests/Info.plist";
				IPHONEOS_DEPLOYMENT_TARGET = 14.4;
				LD_RUNPATH_SEARCH_PATHS = (
					"$(inherited)",
					"@executable_path/Frameworks",
					"@loader_path/Frameworks",
				);
				PRODUCT_BUNDLE_IDENTIFIER = "pro.maxgribov.Peripheral-IosTests";
				PRODUCT_NAME = "$(TARGET_NAME)";
				SWIFT_VERSION = 5.0;
				TARGETED_DEVICE_FAMILY = "1,2";
				TEST_HOST = "$(BUILT_PRODUCTS_DIR)/Peripheral-Ios.app/Peripheral-Ios";
			};
			name = Debug;
		};
		7733E4C825D944F900E8DCE7 /* Release */ = {
			isa = XCBuildConfiguration;
			buildSettings = {
				ALWAYS_EMBED_SWIFT_STANDARD_LIBRARIES = YES;
				BUNDLE_LOADER = "$(TEST_HOST)";
				CODE_SIGN_STYLE = Automatic;
				DEVELOPMENT_TEAM = 29E66XW7ZX;
				INFOPLIST_FILE = "Peripheral-IosTests/Info.plist";
				IPHONEOS_DEPLOYMENT_TARGET = 14.4;
				LD_RUNPATH_SEARCH_PATHS = (
					"$(inherited)",
					"@executable_path/Frameworks",
					"@loader_path/Frameworks",
				);
				PRODUCT_BUNDLE_IDENTIFIER = "pro.maxgribov.Peripheral-IosTests";
				PRODUCT_NAME = "$(TARGET_NAME)";
				SWIFT_VERSION = 5.0;
				TARGETED_DEVICE_FAMILY = "1,2";
				TEST_HOST = "$(BUILT_PRODUCTS_DIR)/Peripheral-Ios.app/Peripheral-Ios";
			};
			name = Release;
		};
		7733E4CA25D944F900E8DCE7 /* Debug */ = {
			isa = XCBuildConfiguration;
			buildSettings = {
				ALWAYS_EMBED_SWIFT_STANDARD_LIBRARIES = YES;
				CODE_SIGN_STYLE = Automatic;
				DEVELOPMENT_TEAM = 29E66XW7ZX;
				INFOPLIST_FILE = "Peripheral-IosUITests/Info.plist";
				LD_RUNPATH_SEARCH_PATHS = (
					"$(inherited)",
					"@executable_path/Frameworks",
					"@loader_path/Frameworks",
				);
				PRODUCT_BUNDLE_IDENTIFIER = "pro.maxgribov.Peripheral-IosUITests";
				PRODUCT_NAME = "$(TARGET_NAME)";
				SWIFT_VERSION = 5.0;
				TARGETED_DEVICE_FAMILY = "1,2";
				TEST_TARGET_NAME = "Peripheral-Ios";
			};
			name = Debug;
		};
		7733E4CB25D944F900E8DCE7 /* Release */ = {
			isa = XCBuildConfiguration;
			buildSettings = {
				ALWAYS_EMBED_SWIFT_STANDARD_LIBRARIES = YES;
				CODE_SIGN_STYLE = Automatic;
				DEVELOPMENT_TEAM = 29E66XW7ZX;
				INFOPLIST_FILE = "Peripheral-IosUITests/Info.plist";
				LD_RUNPATH_SEARCH_PATHS = (
					"$(inherited)",
					"@executable_path/Frameworks",
					"@loader_path/Frameworks",
				);
				PRODUCT_BUNDLE_IDENTIFIER = "pro.maxgribov.Peripheral-IosUITests";
				PRODUCT_NAME = "$(TARGET_NAME)";
				SWIFT_VERSION = 5.0;
				TARGETED_DEVICE_FAMILY = "1,2";
				TEST_TARGET_NAME = "Peripheral-Ios";
			};
			name = Release;
		};
		7777C48725D5964A005031FA /* Debug */ = {
			isa = XCBuildConfiguration;
			buildSettings = {
				ALWAYS_SEARCH_USER_PATHS = NO;
				CLANG_ANALYZER_NONNULL = YES;
				CLANG_ANALYZER_NUMBER_OBJECT_CONVERSION = YES_AGGRESSIVE;
				CLANG_CXX_LANGUAGE_STANDARD = "gnu++14";
				CLANG_CXX_LIBRARY = "libc++";
				CLANG_ENABLE_MODULES = YES;
				CLANG_ENABLE_OBJC_ARC = YES;
				CLANG_ENABLE_OBJC_WEAK = YES;
				CLANG_WARN_BLOCK_CAPTURE_AUTORELEASING = YES;
				CLANG_WARN_BOOL_CONVERSION = YES;
				CLANG_WARN_COMMA = YES;
				CLANG_WARN_CONSTANT_CONVERSION = YES;
				CLANG_WARN_DEPRECATED_OBJC_IMPLEMENTATIONS = YES;
				CLANG_WARN_DIRECT_OBJC_ISA_USAGE = YES_ERROR;
				CLANG_WARN_DOCUMENTATION_COMMENTS = YES;
				CLANG_WARN_EMPTY_BODY = YES;
				CLANG_WARN_ENUM_CONVERSION = YES;
				CLANG_WARN_INFINITE_RECURSION = YES;
				CLANG_WARN_INT_CONVERSION = YES;
				CLANG_WARN_NON_LITERAL_NULL_CONVERSION = YES;
				CLANG_WARN_OBJC_IMPLICIT_RETAIN_SELF = YES;
				CLANG_WARN_OBJC_LITERAL_CONVERSION = YES;
				CLANG_WARN_OBJC_ROOT_CLASS = YES_ERROR;
				CLANG_WARN_QUOTED_INCLUDE_IN_FRAMEWORK_HEADER = YES;
				CLANG_WARN_RANGE_LOOP_ANALYSIS = YES;
				CLANG_WARN_STRICT_PROTOTYPES = YES;
				CLANG_WARN_SUSPICIOUS_MOVE = YES;
				CLANG_WARN_UNGUARDED_AVAILABILITY = YES_AGGRESSIVE;
				CLANG_WARN_UNREACHABLE_CODE = YES;
				CLANG_WARN__DUPLICATE_METHOD_MATCH = YES;
				COPY_PHASE_STRIP = NO;
				DEBUG_INFORMATION_FORMAT = dwarf;
				ENABLE_STRICT_OBJC_MSGSEND = YES;
				ENABLE_TESTABILITY = YES;
				GCC_C_LANGUAGE_STANDARD = gnu11;
				GCC_DYNAMIC_NO_PIC = NO;
				GCC_NO_COMMON_BLOCKS = YES;
				GCC_OPTIMIZATION_LEVEL = 0;
				GCC_PREPROCESSOR_DEFINITIONS = (
					"DEBUG=1",
					"$(inherited)",
				);
				GCC_WARN_64_TO_32_BIT_CONVERSION = YES;
				GCC_WARN_ABOUT_RETURN_TYPE = YES_ERROR;
				GCC_WARN_UNDECLARED_SELECTOR = YES;
				GCC_WARN_UNINITIALIZED_AUTOS = YES_AGGRESSIVE;
				GCC_WARN_UNUSED_FUNCTION = YES;
				GCC_WARN_UNUSED_VARIABLE = YES;
				IPHONEOS_DEPLOYMENT_TARGET = 14.4;
				MTL_ENABLE_DEBUG_INFO = INCLUDE_SOURCE;
				MTL_FAST_MATH = YES;
				ONLY_ACTIVE_ARCH = YES;
				SDKROOT = iphoneos;
				SWIFT_ACTIVE_COMPILATION_CONDITIONS = DEBUG;
				SWIFT_OPTIMIZATION_LEVEL = "-Onone";
			};
			name = Debug;
		};
		7777C48825D5964A005031FA /* Release */ = {
			isa = XCBuildConfiguration;
			buildSettings = {
				ALWAYS_SEARCH_USER_PATHS = NO;
				CLANG_ANALYZER_NONNULL = YES;
				CLANG_ANALYZER_NUMBER_OBJECT_CONVERSION = YES_AGGRESSIVE;
				CLANG_CXX_LANGUAGE_STANDARD = "gnu++14";
				CLANG_CXX_LIBRARY = "libc++";
				CLANG_ENABLE_MODULES = YES;
				CLANG_ENABLE_OBJC_ARC = YES;
				CLANG_ENABLE_OBJC_WEAK = YES;
				CLANG_WARN_BLOCK_CAPTURE_AUTORELEASING = YES;
				CLANG_WARN_BOOL_CONVERSION = YES;
				CLANG_WARN_COMMA = YES;
				CLANG_WARN_CONSTANT_CONVERSION = YES;
				CLANG_WARN_DEPRECATED_OBJC_IMPLEMENTATIONS = YES;
				CLANG_WARN_DIRECT_OBJC_ISA_USAGE = YES_ERROR;
				CLANG_WARN_DOCUMENTATION_COMMENTS = YES;
				CLANG_WARN_EMPTY_BODY = YES;
				CLANG_WARN_ENUM_CONVERSION = YES;
				CLANG_WARN_INFINITE_RECURSION = YES;
				CLANG_WARN_INT_CONVERSION = YES;
				CLANG_WARN_NON_LITERAL_NULL_CONVERSION = YES;
				CLANG_WARN_OBJC_IMPLICIT_RETAIN_SELF = YES;
				CLANG_WARN_OBJC_LITERAL_CONVERSION = YES;
				CLANG_WARN_OBJC_ROOT_CLASS = YES_ERROR;
				CLANG_WARN_QUOTED_INCLUDE_IN_FRAMEWORK_HEADER = YES;
				CLANG_WARN_RANGE_LOOP_ANALYSIS = YES;
				CLANG_WARN_STRICT_PROTOTYPES = YES;
				CLANG_WARN_SUSPICIOUS_MOVE = YES;
				CLANG_WARN_UNGUARDED_AVAILABILITY = YES_AGGRESSIVE;
				CLANG_WARN_UNREACHABLE_CODE = YES;
				CLANG_WARN__DUPLICATE_METHOD_MATCH = YES;
				COPY_PHASE_STRIP = NO;
				DEBUG_INFORMATION_FORMAT = "dwarf-with-dsym";
				ENABLE_NS_ASSERTIONS = NO;
				ENABLE_STRICT_OBJC_MSGSEND = YES;
				GCC_C_LANGUAGE_STANDARD = gnu11;
				GCC_NO_COMMON_BLOCKS = YES;
				GCC_WARN_64_TO_32_BIT_CONVERSION = YES;
				GCC_WARN_ABOUT_RETURN_TYPE = YES_ERROR;
				GCC_WARN_UNDECLARED_SELECTOR = YES;
				GCC_WARN_UNINITIALIZED_AUTOS = YES_AGGRESSIVE;
				GCC_WARN_UNUSED_FUNCTION = YES;
				GCC_WARN_UNUSED_VARIABLE = YES;
				IPHONEOS_DEPLOYMENT_TARGET = 14.4;
				MTL_ENABLE_DEBUG_INFO = NO;
				MTL_FAST_MATH = YES;
				SDKROOT = iphoneos;
				SWIFT_COMPILATION_MODE = wholemodule;
				SWIFT_OPTIMIZATION_LEVEL = "-O";
				VALIDATE_PRODUCT = YES;
			};
			name = Release;
		};
/* End XCBuildConfiguration section */

/* Begin XCConfigurationList section */
		7733E48925D944DE00E8DCE7 /* Build configuration list for PBXNativeTarget "Central-Mac" */ = {
			isa = XCConfigurationList;
			buildConfigurations = (
				7733E48A25D944DE00E8DCE7 /* Debug */,
				7733E48B25D944DE00E8DCE7 /* Release */,
			);
			defaultConfigurationIsVisible = 0;
			defaultConfigurationName = Release;
		};
		7733E48C25D944DE00E8DCE7 /* Build configuration list for PBXNativeTarget "Central-MacTests" */ = {
			isa = XCConfigurationList;
			buildConfigurations = (
				7733E48D25D944DE00E8DCE7 /* Debug */,
				7733E48E25D944DE00E8DCE7 /* Release */,
			);
			defaultConfigurationIsVisible = 0;
			defaultConfigurationName = Release;
		};
		7733E48F25D944DE00E8DCE7 /* Build configuration list for PBXNativeTarget "Central-MacUITests" */ = {
			isa = XCConfigurationList;
			buildConfigurations = (
				7733E49025D944DE00E8DCE7 /* Debug */,
				7733E49125D944DE00E8DCE7 /* Release */,
			);
			defaultConfigurationIsVisible = 0;
			defaultConfigurationName = Release;
		};
		7733E4C325D944F900E8DCE7 /* Build configuration list for PBXNativeTarget "Peripheral-Ios" */ = {
			isa = XCConfigurationList;
			buildConfigurations = (
				7733E4C425D944F900E8DCE7 /* Debug */,
				7733E4C525D944F900E8DCE7 /* Release */,
			);
			defaultConfigurationIsVisible = 0;
			defaultConfigurationName = Release;
		};
		7733E4C625D944F900E8DCE7 /* Build configuration list for PBXNativeTarget "Peripheral-IosTests" */ = {
			isa = XCConfigurationList;
			buildConfigurations = (
				7733E4C725D944F900E8DCE7 /* Debug */,
				7733E4C825D944F900E8DCE7 /* Release */,
			);
			defaultConfigurationIsVisible = 0;
			defaultConfigurationName = Release;
		};
		7733E4C925D944F900E8DCE7 /* Build configuration list for PBXNativeTarget "Peripheral-IosUITests" */ = {
			isa = XCConfigurationList;
			buildConfigurations = (
				7733E4CA25D944F900E8DCE7 /* Debug */,
				7733E4CB25D944F900E8DCE7 /* Release */,
			);
			defaultConfigurationIsVisible = 0;
			defaultConfigurationName = Release;
		};
		7777C45A25D59649005031FA /* Build configuration list for PBXProject "CoreBluetoothPlayground" */ = {
			isa = XCConfigurationList;
			buildConfigurations = (
				7777C48725D5964A005031FA /* Debug */,
				7777C48825D5964A005031FA /* Release */,
			);
			defaultConfigurationIsVisible = 0;
			defaultConfigurationName = Release;
		};
/* End XCConfigurationList section */
	};
	rootObject = 7777C45725D59649005031FA /* Project object */;
}
